# THIS IS AN AUTOGENERATED FILE. DO NOT EDIT THIS FILE DIRECTLY.
# yarn lockfile v1


jpeg-js@^0.4.2:
  version "0.4.4"
  resolved "https://registry.yarnpkg.com/jpeg-js/-/jpeg-js-0.4.4.tgz#a9f1c6f1f9f0fa80cdb3484ed9635054d28936aa"
  integrity sha512-WZzeDOEtTOBK4Mdsar0IqEU5sMr3vSV2RqkAIzUEV2BHnUfKGyswWFPFwK5EeDo93K3FohSHbLAjj0s1Wzd+dg==

js-image-generator@^1.0.3:
  version "1.0.3"
  resolved "https://registry.yarnpkg.com/js-image-generator/-/js-image-generator-1.0.3.tgz#91767ceb5fa6e2ac34fe3f6de3b200748ce8d7fc"
  integrity sha512-fKTAa415UqRxnEHXk4lM2q37t5vqboUFiFC+o0sPjFCl+EydaE952wuF9etbLd8txuMzray7zpiGv+iyYfZ1aA==
  dependencies:
    jpeg-js "^0.4.2"
